
Microsoft Visual Studio Solution File, Format Version 12.00
# Visual Studio Version 17
VisualStudioVersion = 17.3.32901.215
MinimumVisualStudioVersion = 10.0.40219.1
Project("{FAE04EC0-301F-11D3-BF4B-00C04F79EFBC}") = "BranchingAssignment", "BranchingAssignment\BranchingAssignment.csproj", "{93EE4F7F-7988-49AE-AC38-3F4188EC1995}"
EndProject
Project("{FAE04EC0-301F-11D3-BF4B-00C04F79EFBC}") = "MethodClassAssignment", "MethodClassAssignment\MethodClassAssignment.csproj", "{63FD2FB1-910C-4EC1-AAA0-4CD91C4EEB4B}"
EndProject
Project("{FAE04EC0-301F-11D3-BF4B-00C04F79EFBC}") = "OperatorsAssignment", "OperatorsAssignment\OperatorsAssignment.csproj", "{BE602E67-23A9-4AE1-A688-6325732D3A7E}"
EndProject
Project("{FAE04EC0-301F-11D3-BF4B-00C04F79EFBC}") = "PolymorphismAssignment", "PolymorphismAssignment\PolymorphismAssignment.csproj", "{0598B193-D78D-4CC0-A5EB-960A6EC9E4BA}"
EndProject
Project("{FAE04EC0-301F-11D3-BF4B-00C04F79EFBC}") = "BlackjackGameAssignment", "BlackjackGameAssignment\BlackjackGameAssignment.csproj", "{CC4844F0-00DF-42E3-B0B9-9DE891B56678}"
EndProject
Project("{FAE04EC0-301F-11D3-BF4B-00C04F79EFBC}") = "CodeFirstNewDatabaseSample", "CodeFirstNewDatabaseSample\CodeFirstNewDatabaseSample.csproj", "{EEC6D98F-947C-4662-9EC6-94A587FA8DA4}"
EndProject
Global
	GlobalSection(SolutionConfigurationPlatforms) = preSolution
		Debug|Any CPU = Debug|Any CPU
		Release|Any CPU = Release|Any CPU
	EndGlobalSection
	GlobalSection(ProjectConfigurationPlatforms) = postSolution
		{93EE4F7F-7988-49AE-AC38-3F4188EC1995}.Debug|Any CPU.ActiveCfg = Debug|Any CPU
		{93EE4F7F-7988-49AE-AC38-3F4188EC1995}.Debug|Any CPU.Build.0 = Debug|Any CPU
		{93EE4F7F-7988-49AE-AC38-3F4188EC1995}.Release|Any CPU.ActiveCfg = Release|Any CPU
		{93EE4F7F-7988-49AE-AC38-3F4188EC1995}.Release|Any CPU.Build.0 = Release|Any CPU
		{63FD2FB1-910C-4EC1-AAA0-4CD91C4EEB4B}.Debug|Any CPU.ActiveCfg = Debug|Any CPU
		{63FD2FB1-910C-4EC1-AAA0-4CD91C4EEB4B}.Debug|Any CPU.Build.0 = Debug|Any CPU
		{63FD2FB1-910C-4EC1-AAA0-4CD91C4EEB4B}.Release|Any CPU.ActiveCfg = Release|Any CPU
		{63FD2FB1-910C-4EC1-AAA0-4CD91C4EEB4B}.Release|Any CPU.Build.0 = Release|Any CPU
		{BE602E67-23A9-4AE1-A688-6325732D3A7E}.Debug|Any CPU.ActiveCfg = Debug|Any CPU
		{BE602E67-23A9-4AE1-A688-6325732D3A7E}.Debug|Any CPU.Build.0 = Debug|Any CPU
		{BE602E67-23A9-4AE1-A688-6325732D3A7E}.Release|Any CPU.ActiveCfg = Release|Any CPU
		{BE602E67-23A9-4AE1-A688-6325732D3A7E}.Release|Any CPU.Build.0 = Release|Any CPU
		{0598B193-D78D-4CC0-A5EB-960A6EC9E4BA}.Debug|Any CPU.ActiveCfg = Debug|Any CPU
		{0598B193-D78D-4CC0-A5EB-960A6EC9E4BA}.Debug|Any CPU.Build.0 = Debug|Any CPU
		{0598B193-D78D-4CC0-A5EB-960A6EC9E4BA}.Release|Any CPU.ActiveCfg = Release|Any CPU
		{0598B193-D78D-4CC0-A5EB-960A6EC9E4BA}.Release|Any CPU.Build.0 = Release|Any CPU
		{CC4844F0-00DF-42E3-B0B9-9DE891B56678}.Debug|Any CPU.ActiveCfg = Debug|Any CPU
		{CC4844F0-00DF-42E3-B0B9-9DE891B56678}.Debug|Any CPU.Build.0 = Debug|Any CPU
		{CC4844F0-00DF-42E3-B0B9-9DE891B56678}.Release|Any CPU.ActiveCfg = Release|Any CPU
		{CC4844F0-00DF-42E3-B0B9-9DE891B56678}.Release|Any CPU.Build.0 = Release|Any CPU
		{EEC6D98F-947C-4662-9EC6-94A587FA8DA4}.Debug|Any CPU.ActiveCfg = Debug|Any CPU
		{EEC6D98F-947C-4662-9EC6-94A587FA8DA4}.Debug|Any CPU.Build.0 = Debug|Any CPU
		{EEC6D98F-947C-4662-9EC6-94A587FA8DA4}.Release|Any CPU.ActiveCfg = Release|Any CPU
		{EEC6D98F-947C-4662-9EC6-94A587FA8DA4}.Release|Any CPU.Build.0 = Release|Any CPU
	EndGlobalSection
	GlobalSection(SolutionProperties) = preSolution
		HideSolutionNode = FALSE
	EndGlobalSection
	GlobalSection(ExtensibilityGlobals) = postSolution
		SolutionGuid = {CF2031EA-FA07-4B4C-B4E2-C0E388402CB2}
	EndGlobalSection
EndGlobal
